# This file is autogenerated, do not edit; changes may be undone by the next 'dep ensure'.


[[projects]]
  name = "github.com/Shopify/sarama"
  packages = ["."]
  revision = "675b0b1ff204c259877004140a540d6adf38db17"
  version = "v1.24.1"

[[projects]]
  branch = "master"
  name = "github.com/bsm/sarama-cluster"
  packages = ["."]
  revision = "d5779253526cc8a3129a0e5d7cc429f4b4473ab4"

[[projects]]
  name = "github.com/confluentinc/confluent-kafka-go"
  packages = ["kafka"]
  revision = "7d2340912ba4a7a3437b775f304cba425d85ecd0"

[[projects]]
  branch = "master"
  name = "github.com/davecgh/go-spew"
  packages = ["spew"]
  revision = "d8f796af33cc11cb798c1aaeb27a4ebc5099927d"

[[projects]]
  branch = "master"
  name = "github.com/eapache/go-resiliency"
  packages = ["breaker"]
  revision = "b98ce2825f7276cc41027348986a241ef5d62fd8"

[[projects]]
  branch = "master"
  name = "github.com/eapache/go-xerial-snappy"
  packages = ["."]
  revision = "776d5712da21bc4762676d614db1d8a64f4238b0"

[[projects]]
  branch = "master"
  name = "github.com/eapache/queue"
  packages = ["."]
  revision = "093482f3f8ce946c05bcba64badd2c82369e084d"

[[projects]]
  branch = "master"
  name = "github.com/golang/snappy"
  packages = ["."]
  revision = "ff6b7dc882cf4cfba7ee0b9f7dcc1ac096c554aa"

[[projects]]
  branch = "master"
  name = "github.com/hashicorp/go-uuid"
  packages = ["."]
  revision = "f32f5fe8d6a86bfd2a4f58998002f7b0b91cf78f"

[[projects]]
  name = "github.com/jcmturner/gofork"
  packages = ["encoding/asn1","x/crypto/pbkdf2"]
  revision = "dc7c13fece037a4a36e2b3c69db4991498d30692"
  version = "v1.0.0"

[[projects]]
  name = "github.com/klauspost/compress"
  packages = ["fse","huff0","snappy","zstd","zstd/internal/xxhash"]
  revision = "b87d2c411722993723a9de80b3510411f15ae0a8"

[[projects]]
  branch = "master"
  name = "github.com/labstack/echo"
  packages = ["."]
  revision = "5c7c87d09e23a8943f71f3057030919fb28f1349"

[[projects]]
  name = "github.com/labstack/gommon"
  packages = ["color","log"]
  revision = "4919956f6fb227b548f004da27c7c6b20fba499f"
  version = "v0.3.0"

[[projects]]
  name = "github.com/mattn/go-colorable"
  packages = ["."]
  revision = "98ec13f34aabf44cc914c65a1cfb7b9bc815aef1"
  version = "v0.1.4"

[[projects]]
  name = "github.com/mattn/go-isatty"
  packages = ["."]
  revision = "2a2f0ea997f99becfd8423e4f337d171753fe685"

[[projects]]
  name = "github.com/pierrec/lz4"
  packages = [".","internal/xxh32"]
  revision = "9085dacd1e1eca033047a5514195779360363ced"
  version = "v2.4.0"

[[projects]]
  branch = "master"
  name = "github.com/rcrowley/go-metrics"
  packages = ["."]
  revision = "cac0b30c2563378d434b5af411844adff8e32960"

[[projects]]
  branch = "master"
  name = "github.com/valyala/bytebufferpool"
  packages = ["."]
  revision = "cdfbe9377474227bb42120c1e22fd4433e7f69bf"

[[projects]]
  name = "github.com/valyala/fasttemplate"
  packages = ["."]
  revision = "8fcc7a99b5795b7c3e95172237cf93282fc339a9"
  version = "v1.1.0"

[[projects]]
  branch = "master"
  name = "golang.org/x/crypto"
  packages = ["acme","acme/autocert","md4","pbkdf2"]
  revision = "becbf705a91575484002d598f87d74f0002801e7"

[[projects]]
  branch = "master"
  name = "golang.org/x/net"
  packages = ["idna","internal/socks","proxy"]
  revision = "c0dbc17a35534bf2e581d7a942408dc936316da4"

[[projects]]
  name = "golang.org/x/sys"
  packages = ["unix"]
  revision = "6d18c012aee9febd81bbf9806760c8c4480e870d"

[[projects]]
  branch = "master"
  name = "golang.org/x/text"
  packages = ["collate","collate/build","internal/colltab","internal/gen","internal/language","internal/language/compact","internal/tag","internal/triegen","internal/ucd","language","secure/bidirule","transform","unicode/bidi","unicode/cldr","unicode/norm","unicode/rangetable"]
  revision = "cbf43d21aaebfdfeb81d91a5f444d13a3046e686"

[[projects]]
  name = "gopkg.in/jcmturner/aescts.v1"
  packages = ["."]
  revision = "f6abebb3171c4c1b1fea279cb7c7325020a26290"
  version = "v1.0.1"

[[projects]]
  name = "gopkg.in/jcmturner/dnsutils.v1"
  packages = ["."]
  revision = "13eeb8d49ffb74d7a75784c35e4d900607a3943c"
  version = "v1.0.1"

[[projects]]
  name = "gopkg.in/jcmturner/gokrb5.v7"
  packages = ["asn1tools","client","config","credentials","crypto","crypto/common","crypto/etype","crypto/rfc3961","crypto/rfc3962","crypto/rfc4757","crypto/rfc8009","gssapi","iana","iana/addrtype","iana/adtype","iana/asnAppTag","iana/chksumtype","iana/errorcode","iana/etypeID","iana/flags","iana/keyusage","iana/msgtype","iana/nametype","iana/patype","kadmin","keytab","krberror","messages","pac","types"]
  revision = "363118e62befa8a14ff01031c025026077fe5d6d"
  version = "v7.3.0"

[[projects]]
  name = "gopkg.in/jcmturner/rpc.v1"
  packages = ["mstypes","ndr"]
  revision = "99a8ce2fbf8b8087b6ed12a37c61b10f04070043"
  version = "v1.1.0"

[solve-meta]
  analyzer-name = "dep"
  analyzer-version = 1
  inputs-digest = "1b6d93eb4a5a30aeee50928a942425551bece482f9e899b60b71ba0ee05e6f66"
  solver-name = "gps-cdcl"
  solver-version = 1
